// !$*UTF8*$!
{
	archiveVersion = 1;
	classes = {
	};
	objectVersion = 56;
	objects = {

/* Begin PBXBuildFile section */
		815DD6372F294E3D00800279 /* Auth in Frameworks */ = {isa = PBXBuildFile; productRef = 815DD6362F294E3D00800279 /* Auth */; };
		815DD6392F294E3D00800279 /* Functions in Frameworks */ = {isa = PBXBuildFile; productRef = 815DD6382F294E3D00800279 /* Functions */; };
		815DD63B2F294E3D00800279 /* PostgREST in Frameworks */ = {isa = PBXBuildFile; productRef = 815DD63A2F294E3D00800279 /* PostgREST */; };
		815DD63D2F294E3D00800279 /* Realtime in Frameworks */ = {isa = PBXBuildFile; productRef = 815DD63C2F294E3D00800279 /* Realtime */; };
		815DD63F2F294E3D00800279 /* Storage in Frameworks */ = {isa = PBXBuildFile; productRef = 815DD63E2F294E3D00800279 /* Storage */; };
		815DD6412F294E3D00800279 /* Supabase in Frameworks */ = {isa = PBXBuildFile; productRef = 815DD6402F294E3D00800279 /* Supabase */; };
		816E32202F291EBB005FCCAE /* Sparkle in Frameworks */ = {isa = PBXBuildFile; productRef = 816E321F2F291EBB005FCCAE /* Sparkle */; };
		81A843A22ED5A15D00DF8A99 /* LocalCharacterRepository.swift in Sources */ = {isa = PBXBuildFile; fileRef = 81A8439F2ED5A15D00DF8A99 /* LocalCharacterRepository.swift */; };
		A170 /* SupabaseService.swift in Sources */ = {isa = PBXBuildFile; fileRef = B170 /* SupabaseService.swift */; };
		A171 /* SupabaseCharacterRepository.swift in Sources */ = {isa = PBXBuildFile; fileRef = B171 /* SupabaseCharacterRepository.swift */; };
		A172 /* CharacterRepositoryProtocol.swift in Sources */ = {isa = PBXBuildFile; fileRef = B172 /* CharacterRepositoryProtocol.swift */; };
		A173 /* SyncManager.swift in Sources */ = {isa = PBXBuildFile; fileRef = B173 /* SyncManager.swift */; };
		A174 /* SupabaseSetupSheet.swift in Sources */ = {isa = PBXBuildFile; fileRef = B174 /* SupabaseSetupSheet.swift */; };
		81A8E31E2ED72ABC00759085 /* PerplexityService.swift in Sources */ = {isa = PBXBuildFile; fileRef = 81A8E31D2ED72ABC00759085 /* PerplexityService.swift */; };
		A100 /* KnowledgeToolApp.swift in Sources */ = {isa = PBXBuildFile; fileRef = B100 /* KnowledgeToolApp.swift */; };
		A101 /* ContentView.swift in Sources */ = {isa = PBXBuildFile; fileRef = B101 /* ContentView.swift */; };
		A102 /* Models.swift in Sources */ = {isa = PBXBuildFile; fileRef = B102 /* Models.swift */; };
		A103 /* APIKeyManager.swift in Sources */ = {isa = PBXBuildFile; fileRef = B103 /* APIKeyManager.swift */; };
		A104 /* VideoViewModel.swift in Sources */ = {isa = PBXBuildFile; fileRef = B104 /* VideoViewModel.swift */; };
		A105 /* ArticleViewModel.swift in Sources */ = {isa = PBXBuildFile; fileRef = B105 /* ArticleViewModel.swift */; };
		A106 /* TextSnippetViewModel.swift in Sources */ = {isa = PBXBuildFile; fileRef = B106 /* TextSnippetViewModel.swift */; };
		A107 /* VideoView.swift in Sources */ = {isa = PBXBuildFile; fileRef = B107 /* VideoView.swift */; };
		A108 /* ArticleView.swift in Sources */ = {isa = PBXBuildFile; fileRef = B108 /* ArticleView.swift */; };
		A109 /* TextSnippetView.swift in Sources */ = {isa = PBXBuildFile; fileRef = B109 /* TextSnippetView.swift */; };
		A110 /* SettingsView.swift in Sources */ = {isa = PBXBuildFile; fileRef = B110 /* SettingsView.swift */; };
		A111 /* SharedViews.swift in Sources */ = {isa = PBXBuildFile; fileRef = B111 /* SharedViews.swift */; };
		A112 /* VideoService.swift in Sources */ = {isa = PBXBuildFile; fileRef = B112 /* VideoService.swift */; };
		A113 /* ArticleService.swift in Sources */ = {isa = PBXBuildFile; fileRef = B113 /* ArticleService.swift */; };
		A114 /* AssemblyAIService.swift in Sources */ = {isa = PBXBuildFile; fileRef = B114 /* AssemblyAIService.swift */; };
		A115 /* OpenAIService.swift in Sources */ = {isa = PBXBuildFile; fileRef = B115 /* OpenAIService.swift */; };
		A116 /* Assets.xcassets in Resources */ = {isa = PBXBuildFile; fileRef = C100 /* Assets.xcassets */; };
		A117 /* Character.swift in Sources */ = {isa = PBXBuildFile; fileRef = B117 /* Character.swift */; };
		A119 /* PromptTest.swift in Sources */ = {isa = PBXBuildFile; fileRef = B119 /* PromptTest.swift */; };
		A120 /* DiffHighlighter.swift in Sources */ = {isa = PBXBuildFile; fileRef = B120 /* DiffHighlighter.swift */; };
		A121 /* CharacterChatViewModel.swift in Sources */ = {isa = PBXBuildFile; fileRef = B121 /* CharacterChatViewModel.swift */; };
		A122 /* CharacterCreationViewModel.swift in Sources */ = {isa = PBXBuildFile; fileRef = B122 /* CharacterCreationViewModel.swift */; };
		A123 /* CharacterEditorViewModel.swift in Sources */ = {isa = PBXBuildFile; fileRef = B123 /* CharacterEditorViewModel.swift */; };
		A124 /* KnowledgeBaseViewModel.swift in Sources */ = {isa = PBXBuildFile; fileRef = B124 /* KnowledgeBaseViewModel.swift */; };
		A125 /* PromptTestingViewModel.swift in Sources */ = {isa = PBXBuildFile; fileRef = B125 /* PromptTestingViewModel.swift */; };
		A126 /* OnboardingView.swift in Sources */ = {isa = PBXBuildFile; fileRef = B126 /* OnboardingView.swift */; };
		A127 /* CharacterChatView.swift in Sources */ = {isa = PBXBuildFile; fileRef = B127 /* CharacterChatView.swift */; };
		A128 /* CharacterCreationWizard.swift in Sources */ = {isa = PBXBuildFile; fileRef = B128 /* CharacterCreationWizard.swift */; };
		A129 /* CharacterEditorView.swift in Sources */ = {isa = PBXBuildFile; fileRef = B129 /* CharacterEditorView.swift */; };
		A130 /* CharacterOverviewView.swift in Sources */ = {isa = PBXBuildFile; fileRef = B130 /* CharacterOverviewView.swift */; };
		A131 /* CharacterSelectorView.swift in Sources */ = {isa = PBXBuildFile; fileRef = B131 /* CharacterSelectorView.swift */; };
		A132 /* KnowledgeBaseView.swift in Sources */ = {isa = PBXBuildFile; fileRef = B132 /* KnowledgeBaseView.swift */; };
		A133 /* ChatVariantView.swift in Sources */ = {isa = PBXBuildFile; fileRef = B133 /* ChatVariantView.swift */; };
		A134 /* PromptTestingView.swift in Sources */ = {isa = PBXBuildFile; fileRef = B134 /* PromptTestingView.swift */; };
		A135 /* SystemPromptEditorView.swift in Sources */ = {isa = PBXBuildFile; fileRef = B135 /* SystemPromptEditorView.swift */; };
		A136 /* SystemPromptEditorViewModel.swift in Sources */ = {isa = PBXBuildFile; fileRef = B136 /* SystemPromptEditorViewModel.swift */; };
		A140 /* DesignSystem.swift in Sources */ = {isa = PBXBuildFile; fileRef = B140 /* DesignSystem.swift */; };
		A141 /* VersionHistoryView.swift in Sources */ = {isa = PBXBuildFile; fileRef = B141 /* VersionHistoryView.swift */; };
		A142 /* VersionComparisonChatView.swift in Sources */ = {isa = PBXBuildFile; fileRef = B142 /* VersionComparisonChatView.swift */; };
		A143 /* VersionComparisonViewModel.swift in Sources */ = {isa = PBXBuildFile; fileRef = B143 /* VersionComparisonViewModel.swift */; };
		A150 /* SparkleUpdater.swift in Sources */ = {isa = PBXBuildFile; fileRef = B150 /* SparkleUpdater.swift */; };
		A160 /* DialogExample.swift in Sources */ = {isa = PBXBuildFile; fileRef = B160 /* DialogExample.swift */; };
		A161 /* DialogCategories.swift in Sources */ = {isa = PBXBuildFile; fileRef = B161 /* DialogCategories.swift */; };
		A162 /* DialogExampleService.swift in Sources */ = {isa = PBXBuildFile; fileRef = B162 /* DialogExampleService.swift */; };
		A163 /* DialogExampleViewModel.swift in Sources */ = {isa = PBXBuildFile; fileRef = B163 /* DialogExampleViewModel.swift */; };
		A164 /* DialogExamplesView.swift in Sources */ = {isa = PBXBuildFile; fileRef = B164 /* DialogExamplesView.swift */; };
		A190 /* Scenario.swift in Sources */ = {isa = PBXBuildFile; fileRef = B190 /* Scenario.swift */; };
		A191 /* ScenarioGenerationService.swift in Sources */ = {isa = PBXBuildFile; fileRef = B191 /* ScenarioGenerationService.swift */; };
		A192 /* ScenarioViewModel.swift in Sources */ = {isa = PBXBuildFile; fileRef = B192 /* ScenarioViewModel.swift */; };
		A193 /* ScenarioGeneratorView.swift in Sources */ = {isa = PBXBuildFile; fileRef = B193 /* ScenarioGeneratorView.swift */; };
		A180 /* SystemPromptTemplate.swift in Sources */ = {isa = PBXBuildFile; fileRef = B180 /* SystemPromptTemplate.swift */; };
		A181 /* SystemPromptCache.swift in Sources */ = {isa = PBXBuildFile; fileRef = B181 /* SystemPromptCache.swift */; };
		A182 /* SystemPromptService.swift in Sources */ = {isa = PBXBuildFile; fileRef = B182 /* SystemPromptService.swift */; };
		A200 /* AugmentationService.swift in Sources */ = {isa = PBXBuildFile; fileRef = B200 /* AugmentationService.swift */; };
		A201 /* AugmentationViewModel.swift in Sources */ = {isa = PBXBuildFile; fileRef = B201 /* AugmentationViewModel.swift */; };
		A202 /* BrainAugmentationView.swift in Sources */ = {isa = PBXBuildFile; fileRef = B202 /* BrainAugmentationView.swift */; };
		A210 /* KnowledgeSource.swift in Sources */ = {isa = PBXBuildFile; fileRef = B210 /* KnowledgeSource.swift */; };
		A211 /* CharacterDashboardView.swift in Sources */ = {isa = PBXBuildFile; fileRef = B211 /* CharacterDashboardView.swift */; };
		A212 /* KnowledgeSourcesPanel.swift in Sources */ = {isa = PBXBuildFile; fileRef = B212 /* KnowledgeSourcesPanel.swift */; };
		A220 /* SourceSummary.swift in Sources */ = {isa = PBXBuildFile; fileRef = B220 /* SourceSummary.swift */; };
		A221 /* SourceDeletionService.swift in Sources */ = {isa = PBXBuildFile; fileRef = B221 /* SourceDeletionService.swift */; };
		A222 /* SourceSummaryService.swift in Sources */ = {isa = PBXBuildFile; fileRef = B222 /* SourceSummaryService.swift */; };
		A223 /* SourceSummaryViewModel.swift in Sources */ = {isa = PBXBuildFile; fileRef = B223 /* SourceSummaryViewModel.swift */; };
		A224 /* SummarySection.swift in Sources */ = {isa = PBXBuildFile; fileRef = B224 /* SummarySection.swift */; };
		A225 /* SourceDeletionSheet.swift in Sources */ = {isa = PBXBuildFile; fileRef = B225 /* SourceDeletionSheet.swift */; };
		A230 /* BrainSource.swift in Sources */ = {isa = PBXBuildFile; fileRef = B230 /* BrainSource.swift */; };
		A231 /* AnimationMarker.swift in Sources */ = {isa = PBXBuildFile; fileRef = B231 /* AnimationMarker.swift */; };
		A232 /* TranscriptContextBuilder.swift in Sources */ = {isa = PBXBuildFile; fileRef = B232 /* TranscriptContextBuilder.swift */; };
		A233 /* MultiSourceAugmentationService.swift in Sources */ = {isa = PBXBuildFile; fileRef = B233 /* MultiSourceAugmentationService.swift */; };
		A240 /* SourceMetadata.swift in Sources */ = {isa = PBXBuildFile; fileRef = B240 /* SourceMetadata.swift */; };
		A250 /* SportsData.swift in Sources */ = {isa = PBXBuildFile; fileRef = B250 /* SportsData.swift */; };
		A251 /* SportsDataProtocol.swift in Sources */ = {isa = PBXBuildFile; fileRef = B251 /* SportsDataProtocol.swift */; };
		A252 /* SportsDataIOProvider.swift in Sources */ = {isa = PBXBuildFile; fileRef = B252 /* SportsDataIOProvider.swift */; };
		A253 /* SportsDataKnowledgeMapper.swift in Sources */ = {isa = PBXBuildFile; fileRef = B253 /* SportsDataKnowledgeMapper.swift */; };
		A254 /* SportsDataSyncManager.swift in Sources */ = {isa = PBXBuildFile; fileRef = B254 /* SportsDataSyncManager.swift */; };
		A255 /* SportsDataViewModel.swift in Sources */ = {isa = PBXBuildFile; fileRef = B255 /* SportsDataViewModel.swift */; };
		A256 /* SportsDataView.swift in Sources */ = {isa = PBXBuildFile; fileRef = B256 /* SportsDataView.swift */; };
		B137A /* PineconeService.swift in Sources */ = {isa = PBXBuildFile; fileRef = B137 /* PineconeService.swift */; };
		B138A /* MemoryGenerationService.swift in Sources */ = {isa = PBXBuildFile; fileRef = B138 /* MemoryGenerationService.swift */; };
		B139A /* ASP1Template.swift in Sources */ = {isa = PBXBuildFile; fileRef = B139 /* ASP1Template.swift */; };
		B261A /* CSP1Template.swift in Sources */ = {isa = PBXBuildFile; fileRef = B261 /* CSP1Template.swift */; };
		B260A /* RSP2Template.swift in Sources */ = {isa = PBXBuildFile; fileRef = B260 /* RSP2Template.swift */; };
		A270 /* ChatLogMessage.swift in Sources */ = {isa = PBXBuildFile; fileRef = B270 /* ChatLogMessage.swift */; };
		A271 /* ChatLogViewModel.swift in Sources */ = {isa = PBXBuildFile; fileRef = B271 /* ChatLogViewModel.swift */; };
		A272 /* ChatLogView.swift in Sources */ = {isa = PBXBuildFile; fileRef = B272 /* ChatLogView.swift */; };
		A273 /* BackgroundJobManager.swift in Sources */ = {isa = PBXBuildFile; fileRef = B273 /* BackgroundJobManager.swift */; };
		A274 /* NotificationService.swift in Sources */ = {isa = PBXBuildFile; fileRef = B274 /* NotificationService.swift */; };
		A275 /* CharacterGeneratingView.swift in Sources */ = {isa = PBXBuildFile; fileRef = B275 /* CharacterGeneratingView.swift */; };
		BIN1 /* yt-dlp in CopyFiles */ = {isa = PBXBuildFile; fileRef = BINREF1 /* yt-dlp */; };
		BIN2 /* ffmpeg in CopyFiles */ = {isa = PBXBuildFile; fileRef = BINREF2 /* ffmpeg */; };
		BIN3 /* ffprobe in CopyFiles */ = {isa = PBXBuildFile; fileRef = BINREF3 /* ffprobe */; };
		BIN4 /* node in CopyFiles */ = {isa = PBXBuildFile; fileRef = BINREF4 /* node */; };
/* End PBXBuildFile section */

/* Begin PBXCopyFilesBuildPhase section */
		COPYBIN /* CopyFiles */ = {
			isa = PBXCopyFilesBuildPhase;
			buildActionMask = 2147483647;
			dstPath = bin;
			dstSubfolderSpec = 7;
			files = (
				BIN1 /* yt-dlp in CopyFiles */,
				BIN2 /* ffmpeg in CopyFiles */,
				BIN3 /* ffprobe in CopyFiles */,
				BIN4 /* node in CopyFiles */,
			);
			runOnlyForDeploymentPostprocessing = 0;
		};
/* End PBXCopyFilesBuildPhase section */

/* Begin PBXFileReference section */
		81A8439F2ED5A15D00DF8A99 /* LocalCharacterRepository.swift */ = {isa = PBXFileReference; lastKnownFileType = sourcecode.swift; path = LocalCharacterRepository.swift; sourceTree = "<group>"; };
		B170 /* SupabaseService.swift */ = {isa = PBXFileReference; lastKnownFileType = sourcecode.swift; path = SupabaseService.swift; sourceTree = "<group>"; };
		B171 /* SupabaseCharacterRepository.swift */ = {isa = PBXFileReference; lastKnownFileType = sourcecode.swift; path = SupabaseCharacterRepository.swift; sourceTree = "<group>"; };
		B172 /* CharacterRepositoryProtocol.swift */ = {isa = PBXFileReference; lastKnownFileType = sourcecode.swift; path = CharacterRepositoryProtocol.swift; sourceTree = "<group>"; };
		B173 /* SyncManager.swift */ = {isa = PBXFileReference; lastKnownFileType = sourcecode.swift; path = SyncManager.swift; sourceTree = "<group>"; };
		B174 /* SupabaseSetupSheet.swift */ = {isa = PBXFileReference; lastKnownFileType = sourcecode.swift; path = SupabaseSetupSheet.swift; sourceTree = "<group>"; };
		81A8E31D2ED72ABC00759085 /* PerplexityService.swift */ = {isa = PBXFileReference; lastKnownFileType = sourcecode.swift; path = PerplexityService.swift; sourceTree = "<group>"; };
		B100 /* KnowledgeToolApp.swift */ = {isa = PBXFileReference; lastKnownFileType = sourcecode.swift; path = KnowledgeToolApp.swift; sourceTree = "<group>"; };
		B101 /* ContentView.swift */ = {isa = PBXFileReference; lastKnownFileType = sourcecode.swift; path = ContentView.swift; sourceTree = "<group>"; };
		B102 /* Models.swift */ = {isa = PBXFileReference; lastKnownFileType = sourcecode.swift; path = Models.swift; sourceTree = "<group>"; };
		B103 /* APIKeyManager.swift */ = {isa = PBXFileReference; lastKnownFileType = sourcecode.swift; path = APIKeyManager.swift; sourceTree = "<group>"; };
		B104 /* VideoViewModel.swift */ = {isa = PBXFileReference; lastKnownFileType = sourcecode.swift; path = VideoViewModel.swift; sourceTree = "<group>"; };
		B105 /* ArticleViewModel.swift */ = {isa = PBXFileReference; lastKnownFileType = sourcecode.swift; path = ArticleViewModel.swift; sourceTree = "<group>"; };
		B106 /* TextSnippetViewModel.swift */ = {isa = PBXFileReference; lastKnownFileType = sourcecode.swift; path = TextSnippetViewModel.swift; sourceTree = "<group>"; };
		B107 /* VideoView.swift */ = {isa = PBXFileReference; lastKnownFileType = sourcecode.swift; path = VideoView.swift; sourceTree = "<group>"; };
		B108 /* ArticleView.swift */ = {isa = PBXFileReference; lastKnownFileType = sourcecode.swift; path = ArticleView.swift; sourceTree = "<group>"; };
		B109 /* TextSnippetView.swift */ = {isa = PBXFileReference; lastKnownFileType = sourcecode.swift; path = TextSnippetView.swift; sourceTree = "<group>"; };
		B110 /* SettingsView.swift */ = {isa = PBXFileReference; lastKnownFileType = sourcecode.swift; path = SettingsView.swift; sourceTree = "<group>"; };
		B111 /* SharedViews.swift */ = {isa = PBXFileReference; lastKnownFileType = sourcecode.swift; path = SharedViews.swift; sourceTree = "<group>"; };
		B112 /* VideoService.swift */ = {isa = PBXFileReference; lastKnownFileType = sourcecode.swift; path = VideoService.swift; sourceTree = "<group>"; };
		B113 /* ArticleService.swift */ = {isa = PBXFileReference; lastKnownFileType = sourcecode.swift; path = ArticleService.swift; sourceTree = "<group>"; };
		B114 /* AssemblyAIService.swift */ = {isa = PBXFileReference; lastKnownFileType = sourcecode.swift; path = AssemblyAIService.swift; sourceTree = "<group>"; };
		B115 /* OpenAIService.swift */ = {isa = PBXFileReference; lastKnownFileType = sourcecode.swift; path = OpenAIService.swift; sourceTree = "<group>"; };
		B117 /* Character.swift */ = {isa = PBXFileReference; lastKnownFileType = sourcecode.swift; path = Character.swift; sourceTree = "<group>"; };
		B119 /* PromptTest.swift */ = {isa = PBXFileReference; lastKnownFileType = sourcecode.swift; path = PromptTest.swift; sourceTree = "<group>"; };
		B120 /* DiffHighlighter.swift */ = {isa = PBXFileReference; lastKnownFileType = sourcecode.swift; path = DiffHighlighter.swift; sourceTree = "<group>"; };
		B121 /* CharacterChatViewModel.swift */ = {isa = PBXFileReference; lastKnownFileType = sourcecode.swift; path = CharacterChatViewModel.swift; sourceTree = "<group>"; };
		B122 /* CharacterCreationViewModel.swift */ = {isa = PBXFileReference; lastKnownFileType = sourcecode.swift; path = CharacterCreationViewModel.swift; sourceTree = "<group>"; };
		B123 /* CharacterEditorViewModel.swift */ = {isa = PBXFileReference; lastKnownFileType = sourcecode.swift; path = CharacterEditorViewModel.swift; sourceTree = "<group>"; };
		B124 /* KnowledgeBaseViewModel.swift */ = {isa = PBXFileReference; lastKnownFileType = sourcecode.swift; path = KnowledgeBaseViewModel.swift; sourceTree = "<group>"; };
		B125 /* PromptTestingViewModel.swift */ = {isa = PBXFileReference; lastKnownFileType = sourcecode.swift; path = PromptTestingViewModel.swift; sourceTree = "<group>"; };
		B126 /* OnboardingView.swift */ = {isa = PBXFileReference; lastKnownFileType = sourcecode.swift; path = OnboardingView.swift; sourceTree = "<group>"; };
		B127 /* CharacterChatView.swift */ = {isa = PBXFileReference; lastKnownFileType = sourcecode.swift; path = CharacterChatView.swift; sourceTree = "<group>"; };
		B128 /* CharacterCreationWizard.swift */ = {isa = PBXFileReference; lastKnownFileType = sourcecode.swift; path = CharacterCreationWizard.swift; sourceTree = "<group>"; };
		B129 /* CharacterEditorView.swift */ = {isa = PBXFileReference; lastKnownFileType = sourcecode.swift; path = CharacterEditorView.swift; sourceTree = "<group>"; };
		B130 /* CharacterOverviewView.swift */ = {isa = PBXFileReference; lastKnownFileType = sourcecode.swift; path = CharacterOverviewView.swift; sourceTree = "<group>"; };
		B131 /* CharacterSelectorView.swift */ = {isa = PBXFileReference; lastKnownFileType = sourcecode.swift; path = CharacterSelectorView.swift; sourceTree = "<group>"; };
		B132 /* KnowledgeBaseView.swift */ = {isa = PBXFileReference; lastKnownFileType = sourcecode.swift; path = KnowledgeBaseView.swift; sourceTree = "<group>"; };
		B133 /* ChatVariantView.swift */ = {isa = PBXFileReference; lastKnownFileType = sourcecode.swift; path = ChatVariantView.swift; sourceTree = "<group>"; };
		B134 /* PromptTestingView.swift */ = {isa = PBXFileReference; lastKnownFileType = sourcecode.swift; path = PromptTestingView.swift; sourceTree = "<group>"; };
		B135 /* SystemPromptEditorView.swift */ = {isa = PBXFileReference; lastKnownFileType = sourcecode.swift; path = SystemPromptEditorView.swift; sourceTree = "<group>"; };
		B136 /* SystemPromptEditorViewModel.swift */ = {isa = PBXFileReference; lastKnownFileType = sourcecode.swift; path = SystemPromptEditorViewModel.swift; sourceTree = "<group>"; };
		B137 /* PineconeService.swift */ = {isa = PBXFileReference; lastKnownFileType = sourcecode.swift; path = PineconeService.swift; sourceTree = "<group>"; };
		B138 /* MemoryGenerationService.swift */ = {isa = PBXFileReference; lastKnownFileType = sourcecode.swift; path = MemoryGenerationService.swift; sourceTree = "<group>"; };
		B139 /* ASP1Template.swift */ = {isa = PBXFileReference; lastKnownFileType = sourcecode.swift; path = ASP1Template.swift; sourceTree = "<group>"; };
		B261 /* CSP1Template.swift */ = {isa = PBXFileReference; lastKnownFileType = sourcecode.swift; path = CSP1Template.swift; sourceTree = "<group>"; };
		B260 /* RSP2Template.swift */ = {isa = PBXFileReference; lastKnownFileType = sourcecode.swift; path = RSP2Template.swift; sourceTree = "<group>"; };
		B270 /* ChatLogMessage.swift */ = {isa = PBXFileReference; lastKnownFileType = sourcecode.swift; path = ChatLogMessage.swift; sourceTree = "<group>"; };
		B271 /* ChatLogViewModel.swift */ = {isa = PBXFileReference; lastKnownFileType = sourcecode.swift; path = ChatLogViewModel.swift; sourceTree = "<group>"; };
		B272 /* ChatLogView.swift */ = {isa = PBXFileReference; lastKnownFileType = sourcecode.swift; path = ChatLogView.swift; sourceTree = "<group>"; };
		B273 /* BackgroundJobManager.swift */ = {isa = PBXFileReference; lastKnownFileType = sourcecode.swift; path = BackgroundJobManager.swift; sourceTree = "<group>"; };
		B274 /* NotificationService.swift */ = {isa = PBXFileReference; lastKnownFileType = sourcecode.swift; path = NotificationService.swift; sourceTree = "<group>"; };
		B275 /* CharacterGeneratingView.swift */ = {isa = PBXFileReference; lastKnownFileType = sourcecode.swift; path = CharacterGeneratingView.swift; sourceTree = "<group>"; };
		B140 /* DesignSystem.swift */ = {isa = PBXFileReference; lastKnownFileType = sourcecode.swift; path = DesignSystem.swift; sourceTree = "<group>"; };
		B141 /* VersionHistoryView.swift */ = {isa = PBXFileReference; lastKnownFileType = sourcecode.swift; path = VersionHistoryView.swift; sourceTree = "<group>"; };
		B142 /* VersionComparisonChatView.swift */ = {isa = PBXFileReference; lastKnownFileType = sourcecode.swift; path = VersionComparisonChatView.swift; sourceTree = "<group>"; };
		B143 /* VersionComparisonViewModel.swift */ = {isa = PBXFileReference; lastKnownFileType = sourcecode.swift; path = VersionComparisonViewModel.swift; sourceTree = "<group>"; };
		B150 /* SparkleUpdater.swift */ = {isa = PBXFileReference; lastKnownFileType = sourcecode.swift; path = SparkleUpdater.swift; sourceTree = "<group>"; };
		B160 /* DialogExample.swift */ = {isa = PBXFileReference; lastKnownFileType = sourcecode.swift; path = DialogExample.swift; sourceTree = "<group>"; };
		B161 /* DialogCategories.swift */ = {isa = PBXFileReference; lastKnownFileType = sourcecode.swift; path = DialogCategories.swift; sourceTree = "<group>"; };
		B162 /* DialogExampleService.swift */ = {isa = PBXFileReference; lastKnownFileType = sourcecode.swift; path = DialogExampleService.swift; sourceTree = "<group>"; };
		B163 /* DialogExampleViewModel.swift */ = {isa = PBXFileReference; lastKnownFileType = sourcecode.swift; path = DialogExampleViewModel.swift; sourceTree = "<group>"; };
		B164 /* DialogExamplesView.swift */ = {isa = PBXFileReference; lastKnownFileType = sourcecode.swift; path = DialogExamplesView.swift; sourceTree = "<group>"; };
		B190 /* Scenario.swift */ = {isa = PBXFileReference; lastKnownFileType = sourcecode.swift; path = Scenario.swift; sourceTree = "<group>"; };
		B191 /* ScenarioGenerationService.swift */ = {isa = PBXFileReference; lastKnownFileType = sourcecode.swift; path = ScenarioGenerationService.swift; sourceTree = "<group>"; };
		B192 /* ScenarioViewModel.swift */ = {isa = PBXFileReference; lastKnownFileType = sourcecode.swift; path = ScenarioViewModel.swift; sourceTree = "<group>"; };
		B193 /* ScenarioGeneratorView.swift */ = {isa = PBXFileReference; lastKnownFileType = sourcecode.swift; path = ScenarioGeneratorView.swift; sourceTree = "<group>"; };
		B180 /* SystemPromptTemplate.swift */ = {isa = PBXFileReference; lastKnownFileType = sourcecode.swift; path = SystemPromptTemplate.swift; sourceTree = "<group>"; };
		B181 /* SystemPromptCache.swift */ = {isa = PBXFileReference; lastKnownFileType = sourcecode.swift; path = SystemPromptCache.swift; sourceTree = "<group>"; };
		B182 /* SystemPromptService.swift */ = {isa = PBXFileReference; lastKnownFileType = sourcecode.swift; path = SystemPromptService.swift; sourceTree = "<group>"; };
		B200 /* AugmentationService.swift */ = {isa = PBXFileReference; lastKnownFileType = sourcecode.swift; path = AugmentationService.swift; sourceTree = "<group>"; };
		B201 /* AugmentationViewModel.swift */ = {isa = PBXFileReference; lastKnownFileType = sourcecode.swift; path = AugmentationViewModel.swift; sourceTree = "<group>"; };
		B202 /* BrainAugmentationView.swift */ = {isa = PBXFileReference; lastKnownFileType = sourcecode.swift; path = BrainAugmentationView.swift; sourceTree = "<group>"; };
		B210 /* KnowledgeSource.swift */ = {isa = PBXFileReference; lastKnownFileType = sourcecode.swift; path = KnowledgeSource.swift; sourceTree = "<group>"; };
		B211 /* CharacterDashboardView.swift */ = {isa = PBXFileReference; lastKnownFileType = sourcecode.swift; path = CharacterDashboardView.swift; sourceTree = "<group>"; };
		B212 /* KnowledgeSourcesPanel.swift */ = {isa = PBXFileReference; lastKnownFileType = sourcecode.swift; path = KnowledgeSourcesPanel.swift; sourceTree = "<group>"; };
		B220 /* SourceSummary.swift */ = {isa = PBXFileReference; lastKnownFileType = sourcecode.swift; path = SourceSummary.swift; sourceTree = "<group>"; };
		B221 /* SourceDeletionService.swift */ = {isa = PBXFileReference; lastKnownFileType = sourcecode.swift; path = SourceDeletionService.swift; sourceTree = "<group>"; };
		B222 /* SourceSummaryService.swift */ = {isa = PBXFileReference; lastKnownFileType = sourcecode.swift; path = SourceSummaryService.swift; sourceTree = "<group>"; };
		B223 /* SourceSummaryViewModel.swift */ = {isa = PBXFileReference; lastKnownFileType = sourcecode.swift; path = SourceSummaryViewModel.swift; sourceTree = "<group>"; };
		B224 /* SummarySection.swift */ = {isa = PBXFileReference; lastKnownFileType = sourcecode.swift; path = SummarySection.swift; sourceTree = "<group>"; };
		B225 /* SourceDeletionSheet.swift */ = {isa = PBXFileReference; lastKnownFileType = sourcecode.swift; path = SourceDeletionSheet.swift; sourceTree = "<group>"; };
		B230 /* BrainSource.swift */ = {isa = PBXFileReference; lastKnownFileType = sourcecode.swift; path = BrainSource.swift; sourceTree = "<group>"; };
		B231 /* AnimationMarker.swift */ = {isa = PBXFileReference; lastKnownFileType = sourcecode.swift; path = AnimationMarker.swift; sourceTree = "<group>"; };
		B232 /* TranscriptContextBuilder.swift */ = {isa = PBXFileReference; lastKnownFileType = sourcecode.swift; path = TranscriptContextBuilder.swift; sourceTree = "<group>"; };
		B233 /* MultiSourceAugmentationService.swift */ = {isa = PBXFileReference; lastKnownFileType = sourcecode.swift; path = MultiSourceAugmentationService.swift; sourceTree = "<group>"; };
		B240 /* SourceMetadata.swift */ = {isa = PBXFileReference; lastKnownFileType = sourcecode.swift; path = SourceMetadata.swift; sourceTree = "<group>"; };
		B250 /* SportsData.swift */ = {isa = PBXFileReference; lastKnownFileType = sourcecode.swift; path = SportsData.swift; sourceTree = "<group>"; };
		B251 /* SportsDataProtocol.swift */ = {isa = PBXFileReference; lastKnownFileType = sourcecode.swift; path = SportsDataProtocol.swift; sourceTree = "<group>"; };
		B252 /* SportsDataIOProvider.swift */ = {isa = PBXFileReference; lastKnownFileType = sourcecode.swift; path = SportsDataIOProvider.swift; sourceTree = "<group>"; };
		B253 /* SportsDataKnowledgeMapper.swift */ = {isa = PBXFileReference; lastKnownFileType = sourcecode.swift; path = SportsDataKnowledgeMapper.swift; sourceTree = "<group>"; };
		B254 /* SportsDataSyncManager.swift */ = {isa = PBXFileReference; lastKnownFileType = sourcecode.swift; path = SportsDataSyncManager.swift; sourceTree = "<group>"; };
		B255 /* SportsDataViewModel.swift */ = {isa = PBXFileReference; lastKnownFileType = sourcecode.swift; path = SportsDataViewModel.swift; sourceTree = "<group>"; };
		B256 /* SportsDataView.swift */ = {isa = PBXFileReference; lastKnownFileType = sourcecode.swift; path = SportsDataView.swift; sourceTree = "<group>"; };
		BINREF1 /* yt-dlp */ = {isa = PBXFileReference; lastKnownFileType = "compiled.mach-o.executable"; path = "yt-dlp"; sourceTree = "<group>"; };
		BINREF2 /* ffmpeg */ = {isa = PBXFileReference; lastKnownFileType = "compiled.mach-o.executable"; path = ffmpeg; sourceTree = "<group>"; };
		BINREF3 /* ffprobe */ = {isa = PBXFileReference; lastKnownFileType = "compiled.mach-o.executable"; path = ffprobe; sourceTree = "<group>"; };
		BINREF4 /* node */ = {isa = PBXFileReference; lastKnownFileType = "compiled.mach-o.executable"; path = node; sourceTree = "<group>"; };
		C100 /* Assets.xcassets */ = {isa = PBXFileReference; lastKnownFileType = folder.assetcatalog; path = Assets.xcassets; sourceTree = "<group>"; };
		C101 /* KnowledgeTool.entitlements */ = {isa = PBXFileReference; lastKnownFileType = text.plist.entitlements; path = KnowledgeTool.entitlements; sourceTree = "<group>"; };
		D100 /* KnowledgeTool.app */ = {isa = PBXFileReference; explicitFileType = wrapper.application; includeInIndex = 0; path = KnowledgeTool.app; sourceTree = BUILT_PRODUCTS_DIR; };
/* End PBXFileReference section */

/* Begin PBXFrameworksBuildPhase section */
		E100 /* Frameworks */ = {
			isa = PBXFrameworksBuildPhase;
			buildActionMask = 2147483647;
			files = (
				815DD63F2F294E3D00800279 /* Storage in Frameworks */,
				815DD63B2F294E3D00800279 /* PostgREST in Frameworks */,
				815DD6392F294E3D00800279 /* Functions in Frameworks */,
				815DD6372F294E3D00800279 /* Auth in Frameworks */,
				815DD63D2F294E3D00800279 /* Realtime in Frameworks */,
				815DD6412F294E3D00800279 /* Supabase in Frameworks */,
				816E32202F291EBB005FCCAE /* Sparkle in Frameworks */,
			);
			runOnlyForDeploymentPostprocessing = 0;
		};
/* End PBXFrameworksBuildPhase section */

/* Begin PBXGroup section */
		BINGRP /* bin */ = {
			isa = PBXGroup;
			children = (
				BINREF1 /* yt-dlp */,
				BINREF2 /* ffmpeg */,
				BINREF3 /* ffprobe */,
				BINREF4 /* node */,
			);
			path = bin;
			sourceTree = "<group>";
		};
		F100 = {
			isa = PBXGroup;
			children = (
				F101 /* KnowledgeTool */,
				F102 /* Products */,
			);
			sourceTree = "<group>";
		};
		F101 /* KnowledgeTool */ = {
			isa = PBXGroup;
			children = (
				F103 /* App */,
				F104 /* Views */,
				F105 /* ViewModels */,
				F106 /* Models */,
				F107 /* Services */,
				F108 /* Utilities */,
				F109 /* Resources */,
			);
			name = KnowledgeTool;
			sourceTree = "<group>";
		};
		F102 /* Products */ = {
			isa = PBXGroup;
			children = (
				D100 /* KnowledgeTool.app */,
			);
			name = Products;
			sourceTree = "<group>";
		};
		F103 /* App */ = {
			isa = PBXGroup;
			children = (
				B100 /* KnowledgeToolApp.swift */,
			);
			name = App;
			path = KnowledgeTool/App;
			sourceTree = SOURCE_ROOT;
		};
		F104 /* Views */ = {
			isa = PBXGroup;
			children = (
				B101 /* ContentView.swift */,
				B111 /* SharedViews.swift */,
				B140 /* DesignSystem.swift */,
				B126 /* OnboardingView.swift */,
				F110 /* Video */,
				F111 /* Article */,
				F112 /* TextSnippet */,
				F113 /* Settings */,
				F114 /* Characters */,
				F115 /* PromptTesting */,
				F116 /* KnowledgeBase */,
				F117 /* ChatLog */,
			);
			name = Views;
			path = KnowledgeTool/Views;
			sourceTree = SOURCE_ROOT;
		};
		F105 /* ViewModels */ = {
			isa = PBXGroup;
			children = (
				B104 /* VideoViewModel.swift */,
				B105 /* ArticleViewModel.swift */,
				B106 /* TextSnippetViewModel.swift */,
				B121 /* CharacterChatViewModel.swift */,
				B122 /* CharacterCreationViewModel.swift */,
				B123 /* CharacterEditorViewModel.swift */,
				B163 /* DialogExampleViewModel.swift */,
				B124 /* KnowledgeBaseViewModel.swift */,
				B125 /* PromptTestingViewModel.swift */,
				B192 /* ScenarioViewModel.swift */,
				B136 /* SystemPromptEditorViewModel.swift */,
				B143 /* VersionComparisonViewModel.swift */,
				B201 /* AugmentationViewModel.swift */,
				B223 /* SourceSummaryViewModel.swift */,
				B255 /* SportsDataViewModel.swift */,
				B271 /* ChatLogViewModel.swift */,
			);
			name = ViewModels;
			path = KnowledgeTool/ViewModels;
			sourceTree = SOURCE_ROOT;
		};
		F106 /* Models */ = {
			isa = PBXGroup;
			children = (
				B102 /* Models.swift */,
				B117 /* Character.swift */,
				B160 /* DialogExample.swift */,
				B161 /* DialogCategories.swift */,
				B119 /* PromptTest.swift */,
				B190 /* Scenario.swift */,
				B180 /* SystemPromptTemplate.swift */,
				B210 /* KnowledgeSource.swift */,
				B220 /* SourceSummary.swift */,
				B230 /* BrainSource.swift */,
				B231 /* AnimationMarker.swift */,
				B240 /* SourceMetadata.swift */,
				B250 /* SportsData.swift */,
				B251 /* SportsDataProtocol.swift */,
				B270 /* ChatLogMessage.swift */,
			);
			name = Models;
			path = KnowledgeTool/Models;
			sourceTree = SOURCE_ROOT;
		};
		F107 /* Services */ = {
			isa = PBXGroup;
			children = (
				B112 /* VideoService.swift */,
				B113 /* ArticleService.swift */,
				B114 /* AssemblyAIService.swift */,
				B115 /* OpenAIService.swift */,
				B137 /* PineconeService.swift */,
				B138 /* MemoryGenerationService.swift */,
				B162 /* DialogExampleService.swift */,
				B191 /* ScenarioGenerationService.swift */,
				81A8439F2ED5A15D00DF8A99 /* LocalCharacterRepository.swift */,
				81A8E31D2ED72ABC00759085 /* PerplexityService.swift */,
				B150 /* SparkleUpdater.swift */,
				B170 /* SupabaseService.swift */,
				B171 /* SupabaseCharacterRepository.swift */,
				B172 /* CharacterRepositoryProtocol.swift */,
				B173 /* SyncManager.swift */,
				B181 /* SystemPromptCache.swift */,
				B182 /* SystemPromptService.swift */,
				B200 /* AugmentationService.swift */,
				B221 /* SourceDeletionService.swift */,
				B222 /* SourceSummaryService.swift */,
				B232 /* TranscriptContextBuilder.swift */,
				B233 /* MultiSourceAugmentationService.swift */,
				B252 /* SportsDataIOProvider.swift */,
				B253 /* SportsDataKnowledgeMapper.swift */,
				B254 /* SportsDataSyncManager.swift */,
				B273 /* BackgroundJobManager.swift */,
				B274 /* NotificationService.swift */,
			);
			name = Services;
			path = KnowledgeTool/Services;
			sourceTree = SOURCE_ROOT;
		};
		F108 /* Utilities */ = {
			isa = PBXGroup;
			children = (
				B103 /* APIKeyManager.swift */,
				B120 /* DiffHighlighter.swift */,
			);
			name = Utilities;
			path = KnowledgeTool/Utilities;
			sourceTree = SOURCE_ROOT;
		};
		F109 /* Resources */ = {
			isa = PBXGroup;
			children = (
				C100 /* Assets.xcassets */,
				C101 /* KnowledgeTool.entitlements */,
				B139 /* ASP1Template.swift */,
				B261 /* CSP1Template.swift */,
				B260 /* RSP2Template.swift */,
				BINGRP /* bin */,
			);
			name = Resources;
			path = KnowledgeTool/Resources;
			sourceTree = SOURCE_ROOT;
		};
		F110 /* Video */ = {
			isa = PBXGroup;
			children = (
				B107 /* VideoView.swift */,
			);
			path = Video;
			sourceTree = "<group>";
		};
		F111 /* Article */ = {
			isa = PBXGroup;
			children = (
				B108 /* ArticleView.swift */,
			);
			path = Article;
			sourceTree = "<group>";
		};
		F112 /* TextSnippet */ = {
			isa = PBXGroup;
			children = (
				B109 /* TextSnippetView.swift */,
			);
			path = TextSnippet;
			sourceTree = "<group>";
		};
		F113 /* Settings */ = {
			isa = PBXGroup;
			children = (
				B110 /* SettingsView.swift */,
				B174 /* SupabaseSetupSheet.swift */,
			);
			path = Settings;
			sourceTree = "<group>";
		};
		F114 /* Characters */ = {
			isa = PBXGroup;
			children = (
				B127 /* CharacterChatView.swift */,
				B128 /* CharacterCreationWizard.swift */,
				B129 /* CharacterEditorView.swift */,
				B130 /* CharacterOverviewView.swift */,
				B131 /* CharacterSelectorView.swift */,
				B164 /* DialogExamplesView.swift */,
				B193 /* ScenarioGeneratorView.swift */,
				B141 /* VersionHistoryView.swift */,
				B142 /* VersionComparisonChatView.swift */,
				B202 /* BrainAugmentationView.swift */,
				B211 /* CharacterDashboardView.swift */,
				B212 /* KnowledgeSourcesPanel.swift */,
				B224 /* SummarySection.swift */,
				B225 /* SourceDeletionSheet.swift */,
				B256 /* SportsDataView.swift */,
				B275 /* CharacterGeneratingView.swift */,
			);
			path = Characters;
			sourceTree = "<group>";
		};
		F115 /* PromptTesting */ = {
			isa = PBXGroup;
			children = (
				B133 /* ChatVariantView.swift */,
				B134 /* PromptTestingView.swift */,
				B135 /* SystemPromptEditorView.swift */,
			);
			path = PromptTesting;
			sourceTree = "<group>";
		};
		F116 /* KnowledgeBase */ = {
			isa = PBXGroup;
			children = (
				B132 /* KnowledgeBaseView.swift */,
			);
			path = KnowledgeBase;
			sourceTree = "<group>";
		};
		F117 /* ChatLog */ = {
			isa = PBXGroup;
			children = (
				B272 /* ChatLogView.swift */,
			);
			path = ChatLog;
			sourceTree = "<group>";
		};
/* End PBXGroup section */

/* Begin PBXNativeTarget section */
		G100 /* KnowledgeTool */ = {
			isa = PBXNativeTarget;
			buildConfigurationList = H100 /* Build configuration list for PBXNativeTarget "KnowledgeTool" */;
			buildPhases = (
				I100 /* Sources */,
				E100 /* Frameworks */,
				J100 /* Resources */,
				COPYBIN /* CopyFiles */,
			);
			buildRules = (
			);
			dependencies = (
			);
			name = KnowledgeTool;
			productName = KnowledgeTool;
			productReference = D100 /* KnowledgeTool.app */;
			productType = "com.apple.product-type.application";
		};
/* End PBXNativeTarget section */

/* Begin PBXProject section */
		K100 /* Project object */ = {
			isa = PBXProject;
			attributes = {
				BuildIndependentTargetsInParallel = 1;
				LastSwiftUpdateCheck = 1600;
				LastUpgradeCheck = 1600;
				TargetAttributes = {
					G100 = {
						CreatedOnToolsVersion = 16.0;
					};
				};
			};
			buildConfigurationList = L100 /* Build configuration list for PBXProject "KnowledgeTool" */;
			compatibilityVersion = "Xcode 14.0";
			developmentRegion = en;
			hasScannedForEncodings = 0;
			knownRegions = (
				en,
				Base,
			);
			mainGroup = F100;
			packageReferences = (
				816E321E2F291EBB005FCCAE /* XCRemoteSwiftPackageReference "Sparkle" */,
				815DD6352F294E3D00800279 /* XCRemoteSwiftPackageReference "supabase-swift" */,
			);
			productRefGroup = F102 /* Products */;
			projectDirPath = "";
			projectRoot = "";
			targets = (
				G100 /* KnowledgeTool */,
			);
		};
/* End PBXProject section */

/* Begin PBXResourcesBuildPhase section */
		J100 /* Resources */ = {
			isa = PBXResourcesBuildPhase;
			buildActionMask = 2147483647;
			files = (
				A116 /* Assets.xcassets in Resources */,
			);
			runOnlyForDeploymentPostprocessing = 0;
		};
/* End PBXResourcesBuildPhase section */

/* Begin PBXSourcesBuildPhase section */
		I100 /* Sources */ = {
			isa = PBXSourcesBuildPhase;
			buildActionMask = 2147483647;
			files = (
				A100 /* KnowledgeToolApp.swift in Sources */,
				A101 /* ContentView.swift in Sources */,
				A140 /* DesignSystem.swift in Sources */,
				A102 /* Models.swift in Sources */,
				A103 /* APIKeyManager.swift in Sources */,
				A104 /* VideoViewModel.swift in Sources */,
				A105 /* ArticleViewModel.swift in Sources */,
				A106 /* TextSnippetViewModel.swift in Sources */,
				A107 /* VideoView.swift in Sources */,
				81A843A22ED5A15D00DF8A99 /* LocalCharacterRepository.swift in Sources */,
				81A8E31E2ED72ABC00759085 /* PerplexityService.swift in Sources */,
				A170 /* SupabaseService.swift in Sources */,
				A171 /* SupabaseCharacterRepository.swift in Sources */,
				A172 /* CharacterRepositoryProtocol.swift in Sources */,
				A173 /* SyncManager.swift in Sources */,
				A174 /* SupabaseSetupSheet.swift in Sources */,
				A108 /* ArticleView.swift in Sources */,
				A109 /* TextSnippetView.swift in Sources */,
				A110 /* SettingsView.swift in Sources */,
				A111 /* SharedViews.swift in Sources */,
				A112 /* VideoService.swift in Sources */,
				A113 /* ArticleService.swift in Sources */,
				A114 /* AssemblyAIService.swift in Sources */,
				A115 /* OpenAIService.swift in Sources */,
				A117 /* Character.swift in Sources */,
				A160 /* DialogExample.swift in Sources */,
				A161 /* DialogCategories.swift in Sources */,
				A119 /* PromptTest.swift in Sources */,
				A120 /* DiffHighlighter.swift in Sources */,
				A121 /* CharacterChatViewModel.swift in Sources */,
				A122 /* CharacterCreationViewModel.swift in Sources */,
				A123 /* CharacterEditorViewModel.swift in Sources */,
				A163 /* DialogExampleViewModel.swift in Sources */,
				A124 /* KnowledgeBaseViewModel.swift in Sources */,
				A125 /* PromptTestingViewModel.swift in Sources */,
				A126 /* OnboardingView.swift in Sources */,
				A127 /* CharacterChatView.swift in Sources */,
				A128 /* CharacterCreationWizard.swift in Sources */,
				A129 /* CharacterEditorView.swift in Sources */,
				A130 /* CharacterOverviewView.swift in Sources */,
				A131 /* CharacterSelectorView.swift in Sources */,
				A164 /* DialogExamplesView.swift in Sources */,
				A190 /* Scenario.swift in Sources */,
				A191 /* ScenarioGenerationService.swift in Sources */,
				A192 /* ScenarioViewModel.swift in Sources */,
				A193 /* ScenarioGeneratorView.swift in Sources */,
				A132 /* KnowledgeBaseView.swift in Sources */,
				A133 /* ChatVariantView.swift in Sources */,
				A134 /* PromptTestingView.swift in Sources */,
				A135 /* SystemPromptEditorView.swift in Sources */,
				A136 /* SystemPromptEditorViewModel.swift in Sources */,
				A141 /* VersionHistoryView.swift in Sources */,
				A142 /* VersionComparisonChatView.swift in Sources */,
				A143 /* VersionComparisonViewModel.swift in Sources */,
				B137A /* PineconeService.swift in Sources */,
				B138A /* MemoryGenerationService.swift in Sources */,
				A162 /* DialogExampleService.swift in Sources */,
				A180 /* SystemPromptTemplate.swift in Sources */,
				A181 /* SystemPromptCache.swift in Sources */,
				A182 /* SystemPromptService.swift in Sources */,
				B139A /* ASP1Template.swift in Sources */,
				B261A /* CSP1Template.swift in Sources */,
				B260A /* RSP2Template.swift in Sources */,
				A150 /* SparkleUpdater.swift in Sources */,
				A200 /* AugmentationService.swift in Sources */,
				A201 /* AugmentationViewModel.swift in Sources */,
				A202 /* BrainAugmentationView.swift in Sources */,
				A210 /* KnowledgeSource.swift in Sources */,
				A211 /* CharacterDashboardView.swift in Sources */,
				A212 /* KnowledgeSourcesPanel.swift in Sources */,
				A220 /* SourceSummary.swift in Sources */,
				A221 /* SourceDeletionService.swift in Sources */,
				A222 /* SourceSummaryService.swift in Sources */,
				A223 /* SourceSummaryViewModel.swift in Sources */,
				A224 /* SummarySection.swift in Sources */,
				A225 /* SourceDeletionSheet.swift in Sources */,
				A230 /* BrainSource.swift in Sources */,
				A231 /* AnimationMarker.swift in Sources */,
				A232 /* TranscriptContextBuilder.swift in Sources */,
				A233 /* MultiSourceAugmentationService.swift in Sources */,
				A240 /* SourceMetadata.swift in Sources */,
				A250 /* SportsData.swift in Sources */,
				A251 /* SportsDataProtocol.swift in Sources */,
				A252 /* SportsDataIOProvider.swift in Sources */,
				A253 /* SportsDataKnowledgeMapper.swift in Sources */,
				A254 /* SportsDataSyncManager.swift in Sources */,
				A255 /* SportsDataViewModel.swift in Sources */,
				A256 /* SportsDataView.swift in Sources */,
				A270 /* ChatLogMessage.swift in Sources */,
				A271 /* ChatLogViewModel.swift in Sources */,
				A272 /* ChatLogView.swift in Sources */,
				A273 /* BackgroundJobManager.swift in Sources */,
				A274 /* NotificationService.swift in Sources */,
				A275 /* CharacterGeneratingView.swift in Sources */,
			);
			runOnlyForDeploymentPostprocessing = 0;
		};
/* End PBXSourcesBuildPhase section */

/* Begin XCBuildConfiguration section */
		M100 /* Debug */ = {
			isa = XCBuildConfiguration;
			buildSettings = {
				ALWAYS_SEARCH_USER_PATHS = NO;
				ASSETCATALOG_COMPILER_GENERATE_SWIFT_ASSET_SYMBOL_EXTENSIONS = YES;
				CLANG_ANALYZER_NONNULL = YES;
				CLANG_ANALYZER_NUMBER_OBJECT_CONVERSION = YES_AGGRESSIVE;
				CLANG_CXX_LANGUAGE_STANDARD = "gnu++20";
				CLANG_ENABLE_MODULES = YES;
				CLANG_ENABLE_OBJC_ARC = YES;
				CLANG_ENABLE_OBJC_WEAK = YES;
				CLANG_WARN_BLOCK_CAPTURE_AUTORELEASING = YES;
				CLANG_WARN_BOOL_CONVERSION = YES;
				CLANG_WARN_COMMA = YES;
				CLANG_WARN_CONSTANT_CONVERSION = YES;
				CLANG_WARN_DEPRECATED_OBJC_IMPLEMENTATIONS = YES;
				CLANG_WARN_DIRECT_OBJC_ISA_USAGE = YES_ERROR;
				CLANG_WARN_DOCUMENTATION_COMMENTS = YES;
				CLANG_WARN_EMPTY_BODY = YES;
				CLANG_WARN_ENUM_CONVERSION = YES;
				CLANG_WARN_INFINITE_RECURSION = YES;
				CLANG_WARN_INT_CONVERSION = YES;
				CLANG_WARN_NON_LITERAL_NULL_CONVERSION = YES;
				CLANG_WARN_OBJC_IMPLICIT_RETAIN_SELF = YES;
				CLANG_WARN_OBJC_LITERAL_CONVERSION = YES;
				CLANG_WARN_OBJC_ROOT_CLASS = YES_ERROR;
				CLANG_WARN_QUOTED_INCLUDE_IN_FRAMEWORK_HEADER = YES;
				CLANG_WARN_RANGE_LOOP_ANALYSIS = YES;
				CLANG_WARN_STRICT_PROTOTYPES = YES;
				CLANG_WARN_SUSPICIOUS_MOVE = YES;
				CLANG_WARN_UNGUARDED_AVAILABILITY = YES_AGGRESSIVE;
				CLANG_WARN_UNREACHABLE_CODE = YES;
				CLANG_WARN__DUPLICATE_METHOD_MATCH = YES;
				COPY_PHASE_STRIP = NO;
				DEBUG_INFORMATION_FORMAT = dwarf;
				ENABLE_STRICT_OBJC_MSGSEND = YES;
				ENABLE_TESTABILITY = YES;
				ENABLE_USER_SCRIPT_SANDBOXING = YES;
				GCC_C_LANGUAGE_STANDARD = gnu17;
				GCC_DYNAMIC_NO_PIC = NO;
				GCC_NO_COMMON_BLOCKS = YES;
				GCC_OPTIMIZATION_LEVEL = 0;
				GCC_PREPROCESSOR_DEFINITIONS = (
					"DEBUG=1",
					"$(inherited)",
				);
				GCC_WARN_64_TO_32_BIT_CONVERSION = YES;
				GCC_WARN_ABOUT_RETURN_TYPE = YES_ERROR;
				GCC_WARN_UNDECLARED_SELECTOR = YES;
				GCC_WARN_UNINITIALIZED_AUTOS = YES_AGGRESSIVE;
				GCC_WARN_UNUSED_FUNCTION = YES;
				GCC_WARN_UNUSED_VARIABLE = YES;
				LOCALIZATION_PREFERS_STRING_CATALOGS = YES;
				MACOSX_DEPLOYMENT_TARGET = 15.0;
				MTL_ENABLE_DEBUG_INFO = INCLUDE_SOURCE;
				MTL_FAST_MATH = YES;
				ONLY_ACTIVE_ARCH = YES;
				SDKROOT = macosx;
				SWIFT_ACTIVE_COMPILATION_CONDITIONS = "DEBUG $(inherited)";
				SWIFT_OPTIMIZATION_LEVEL = "-Onone";
				SWIFT_VERSION = 6.0;
			};
			name = Debug;
		};
		M101 /* Release */ = {
			isa = XCBuildConfiguration;
			buildSettings = {
				ALWAYS_SEARCH_USER_PATHS = NO;
				ASSETCATALOG_COMPILER_GENERATE_SWIFT_ASSET_SYMBOL_EXTENSIONS = YES;
				CLANG_ANALYZER_NONNULL = YES;
				CLANG_ANALYZER_NUMBER_OBJECT_CONVERSION = YES_AGGRESSIVE;
				CLANG_CXX_LANGUAGE_STANDARD = "gnu++20";
				CLANG_ENABLE_MODULES = YES;
				CLANG_ENABLE_OBJC_ARC = YES;
				CLANG_ENABLE_OBJC_WEAK = YES;
				CLANG_WARN_BLOCK_CAPTURE_AUTORELEASING = YES;
				CLANG_WARN_BOOL_CONVERSION = YES;
				CLANG_WARN_COMMA = YES;
				CLANG_WARN_CONSTANT_CONVERSION = YES;
				CLANG_WARN_DEPRECATED_OBJC_IMPLEMENTATIONS = YES;
				CLANG_WARN_DIRECT_OBJC_ISA_USAGE = YES_ERROR;
				CLANG_WARN_DOCUMENTATION_COMMENTS = YES;
				CLANG_WARN_EMPTY_BODY = YES;
				CLANG_WARN_ENUM_CONVERSION = YES;
				CLANG_WARN_INFINITE_RECURSION = YES;
				CLANG_WARN_INT_CONVERSION = YES;
				CLANG_WARN_NON_LITERAL_NULL_CONVERSION = YES;
				CLANG_WARN_OBJC_IMPLICIT_RETAIN_SELF = YES;
				CLANG_WARN_OBJC_LITERAL_CONVERSION = YES;
				CLANG_WARN_OBJC_ROOT_CLASS = YES_ERROR;
				CLANG_WARN_QUOTED_INCLUDE_IN_FRAMEWORK_HEADER = YES;
				CLANG_WARN_RANGE_LOOP_ANALYSIS = YES;
				CLANG_WARN_STRICT_PROTOTYPES = YES;
				CLANG_WARN_SUSPICIOUS_MOVE = YES;
				CLANG_WARN_UNGUARDED_AVAILABILITY = YES_AGGRESSIVE;
				CLANG_WARN_UNREACHABLE_CODE = YES;
				CLANG_WARN__DUPLICATE_METHOD_MATCH = YES;
				COPY_PHASE_STRIP = NO;
				DEBUG_INFORMATION_FORMAT = "dwarf-with-dsym";
				ENABLE_NS_ASSERTIONS = NO;
				ENABLE_STRICT_OBJC_MSGSEND = YES;
				ENABLE_USER_SCRIPT_SANDBOXING = YES;
				GCC_C_LANGUAGE_STANDARD = gnu17;
				GCC_NO_COMMON_BLOCKS = YES;
				GCC_WARN_64_TO_32_BIT_CONVERSION = YES;
				GCC_WARN_ABOUT_RETURN_TYPE = YES_ERROR;
				GCC_WARN_UNDECLARED_SELECTOR = YES;
				GCC_WARN_UNINITIALIZED_AUTOS = YES_AGGRESSIVE;
				GCC_WARN_UNUSED_FUNCTION = YES;
				GCC_WARN_UNUSED_VARIABLE = YES;
				LOCALIZATION_PREFERS_STRING_CATALOGS = YES;
				MACOSX_DEPLOYMENT_TARGET = 15.0;
				MTL_ENABLE_DEBUG_INFO = NO;
				MTL_FAST_MATH = YES;
				SDKROOT = macosx;
				SWIFT_COMPILATION_MODE = wholemodule;
				SWIFT_VERSION = 6.0;
			};
			name = Release;
		};
		N100 /* Debug */ = {
			isa = XCBuildConfiguration;
			buildSettings = {
				ASSETCATALOG_COMPILER_APPICON_NAME = AppIcon;
				ASSETCATALOG_COMPILER_GLOBAL_ACCENT_COLOR_NAME = AccentColor;
				CODE_SIGN_ENTITLEMENTS = KnowledgeTool/Resources/KnowledgeTool.entitlements;
				CODE_SIGN_STYLE = Automatic;
				COMBINE_HIDPI_IMAGES = YES;
				CURRENT_PROJECT_VERSION = 202602231944;
				DEVELOPMENT_TEAM = "";
				ENABLE_HARDENED_RUNTIME = YES;
				ENABLE_PREVIEWS = YES;
				GENERATE_INFOPLIST_FILE = YES;
				INFOPLIST_FILE = KnowledgeTool/Info.plist;
				INFOPLIST_KEY_LSApplicationCategoryType = "public.app-category.productivity";
				INFOPLIST_KEY_NSHumanReadableCopyright = "";
				LD_RUNPATH_SEARCH_PATHS = (
					"$(inherited)",
					"@executable_path/../Frameworks",
				);
				MARKETING_VERSION = 1.6.1;
				PRODUCT_BUNDLE_IDENTIFIER = com.knowledgetool.app;
				PRODUCT_NAME = "$(TARGET_NAME)";
				SWIFT_EMIT_LOC_STRINGS = YES;
				SWIFT_STRICT_CONCURRENCY = complete;
				SWIFT_VERSION = 6.0;
			};
			name = Debug;
		};
		N101 /* Release */ = {
			isa = XCBuildConfiguration;
			buildSettings = {
				ASSETCATALOG_COMPILER_APPICON_NAME = AppIcon;
				ASSETCATALOG_COMPILER_GLOBAL_ACCENT_COLOR_NAME = AccentColor;
				CODE_SIGN_ENTITLEMENTS = KnowledgeTool/Resources/KnowledgeTool.entitlements;
				CODE_SIGN_STYLE = Automatic;
				COMBINE_HIDPI_IMAGES = YES;
				CURRENT_PROJECT_VERSION = 202602231944;
				DEVELOPMENT_TEAM = "";
				ENABLE_HARDENED_RUNTIME = YES;
				ENABLE_PREVIEWS = YES;
				GENERATE_INFOPLIST_FILE = YES;
				INFOPLIST_FILE = KnowledgeTool/Info.plist;
				INFOPLIST_KEY_LSApplicationCategoryType = "public.app-category.productivity";
				INFOPLIST_KEY_NSHumanReadableCopyright = "";
				LD_RUNPATH_SEARCH_PATHS = (
					"$(inherited)",
					"@executable_path/../Frameworks",
				);
				MARKETING_VERSION = 1.6.1;
				PRODUCT_BUNDLE_IDENTIFIER = com.knowledgetool.app;
				PRODUCT_NAME = "$(TARGET_NAME)";
				SWIFT_EMIT_LOC_STRINGS = YES;
				SWIFT_STRICT_CONCURRENCY = complete;
				SWIFT_VERSION = 6.0;
			};
			name = Release;
		};
/* End XCBuildConfiguration section */

/* Begin XCConfigurationList section */
		H100 /* Build configuration list for PBXNativeTarget "KnowledgeTool" */ = {
			isa = XCConfigurationList;
			buildConfigurations = (
				N100 /* Debug */,
				N101 /* Release */,
			);
			defaultConfigurationIsVisible = 0;
			defaultConfigurationName = Release;
		};
		L100 /* Build configuration list for PBXProject "KnowledgeTool" */ = {
			isa = XCConfigurationList;
			buildConfigurations = (
				M100 /* Debug */,
				M101 /* Release */,
			);
			defaultConfigurationIsVisible = 0;
			defaultConfigurationName = Release;
		};
/* End XCConfigurationList section */

/* Begin XCRemoteSwiftPackageReference section */
		815DD6352F294E3D00800279 /* XCRemoteSwiftPackageReference "supabase-swift" */ = {
			isa = XCRemoteSwiftPackageReference;
			repositoryURL = "https://github.com/supabase/supabase-swift";
			requirement = {
				kind = upToNextMajorVersion;
				minimumVersion = 2.5.1;
			};
		};
		816E321E2F291EBB005FCCAE /* XCRemoteSwiftPackageReference "Sparkle" */ = {
			isa = XCRemoteSwiftPackageReference;
			repositoryURL = "https://github.com/sparkle-project/Sparkle";
			requirement = {
				kind = upToNextMajorVersion;
				minimumVersion = 2.8.1;
			};
		};
/* End XCRemoteSwiftPackageReference section */

/* Begin XCSwiftPackageProductDependency section */
		815DD6362F294E3D00800279 /* Auth */ = {
			isa = XCSwiftPackageProductDependency;
			package = 815DD6352F294E3D00800279 /* XCRemoteSwiftPackageReference "supabase-swift" */;
			productName = Auth;
		};
		815DD6382F294E3D00800279 /* Functions */ = {
			isa = XCSwiftPackageProductDependency;
			package = 815DD6352F294E3D00800279 /* XCRemoteSwiftPackageReference "supabase-swift" */;
			productName = Functions;
		};
		815DD63A2F294E3D00800279 /* PostgREST */ = {
			isa = XCSwiftPackageProductDependency;
			package = 815DD6352F294E3D00800279 /* XCRemoteSwiftPackageReference "supabase-swift" */;
			productName = PostgREST;
		};
		815DD63C2F294E3D00800279 /* Realtime */ = {
			isa = XCSwiftPackageProductDependency;
			package = 815DD6352F294E3D00800279 /* XCRemoteSwiftPackageReference "supabase-swift" */;
			productName = Realtime;
		};
		815DD63E2F294E3D00800279 /* Storage */ = {
			isa = XCSwiftPackageProductDependency;
			package = 815DD6352F294E3D00800279 /* XCRemoteSwiftPackageReference "supabase-swift" */;
			productName = Storage;
		};
		815DD6402F294E3D00800279 /* Supabase */ = {
			isa = XCSwiftPackageProductDependency;
			package = 815DD6352F294E3D00800279 /* XCRemoteSwiftPackageReference "supabase-swift" */;
			productName = Supabase;
		};
		816E321F2F291EBB005FCCAE /* Sparkle */ = {
			isa = XCSwiftPackageProductDependency;
			package = 816E321E2F291EBB005FCCAE /* XCRemoteSwiftPackageReference "Sparkle" */;
			productName = Sparkle;
		};
/* End XCSwiftPackageProductDependency section */
	};
	rootObject = K100 /* Project object */;
}
